schema: '2.0'
stages:
  data_ingestion:
    cmd: python src/data/data_ingestion.py
    deps:
    - path: src/data/data_ingestion.py
      hash: md5
      md5: 3079b6cd01a8c60884505a1ed54d025b
      size: 3813
    outs:
    - path: data/raw
      hash: md5
      md5: 335e499b8a4ba23c2c2ceaf0175fd445.dir
      size: 364266
      nfiles: 2
  data_preprocessing:
    cmd: python src/data_preprocessing.py
    deps:
    - path: data/raw
      hash: md5
      md5: 335e499b8a4ba23c2c2ceaf0175fd445.dir
      size: 364266
      nfiles: 2
    - path: src/data_preprocessing.py
      hash: md5
      md5: 4ea2c78e7e781109f356671aa2e3bcda
      size: 1911
    outs:
    - path: data/processed
      hash: md5
      md5: b6a0090b76111bacfbfb93ae653c0547.dir
      size: 785157
      nfiles: 2
  model_building:
    cmd: python src/model_building.py
    deps:
    - path: data/processed
      hash: md5
      md5: b6a0090b76111bacfbfb93ae653c0547.dir
      size: 785157
      nfiles: 2
    - path: src/model_building.py
      hash: md5
      md5: 9077d08074b10c81ae470ac931565c22
      size: 538
    outs:
    - path: models/model.pkl
      hash: md5
      md5: ee3b2134c0dbe03f4093cf66e6e0d8f1
      size: 1951930
  model_evaluation:
    cmd: python src/model_evaluation.py
    deps:
    - path: data/processed/test_processed.csv
      hash: md5
      md5: fd7a21049d3766e9bfb50167c6adc793
      size: 196633
    - path: models/model.pkl
      hash: md5
      md5: ee3b2134c0dbe03f4093cf66e6e0d8f1
      size: 1951930
    - path: src/model_evaluation.py
      hash: md5
      md5: 34e61efad327939612ef0e363e28d5af
      size: 4205
    outs:
    - path: reports/metrics.json
      hash: md5
      md5: cff436d50c6c2b50ca81a13c71494139
      size: 116
